
Microsoft Visual Studio Solution File, Format Version 12.00
# Visual Studio Version 17
VisualStudioVersion = 17.6.33723.286
MinimumVisualStudioVersion = 10.0.40219.1
Project("{FAE04EC0-301F-11D3-BF4B-00C04F79EFBC}") = "HomeApp.UWP", "HomeApp\HomeApp.UWP\HomeApp.UWP.csproj", "{F4BF335C-0252-4E55-84CF-D5EF3952C7D1}"
EndProject
Project("{FAE04EC0-301F-11D3-BF4B-00C04F79EFBC}") = "HomeApp.Android", "HomeApp\HomeApp.Android\HomeApp.Android.csproj", "{030913FC-5C45-461A-8288-0BE9C1B2E698}"
EndProject
Project("{FAE04EC0-301F-11D3-BF4B-00C04F79EFBC}") = "HomeApp.iOS", "HomeApp\HomeApp.iOS\HomeApp.iOS.csproj", "{374C9DC7-36CA-415F-9308-064E537C3DB3}"
EndProject
Project("{FAE04EC0-301F-11D3-BF4B-00C04F79EFBC}") = "HomeApp", "HomeApp\HomeApp\HomeApp.csproj", "{F5FA1734-0981-40DF-8D4F-3E86D3A25EA9}"
EndProject
Global
	GlobalSection(SolutionConfigurationPlatforms) = preSolution
		Debug|Any CPU = Debug|Any CPU
		Debug|ARM = Debug|ARM
		Debug|iPhone = Debug|iPhone
		Debug|iPhoneSimulator = Debug|iPhoneSimulator
		Debug|x64 = Debug|x64
		Debug|x86 = Debug|x86
		Release|Any CPU = Release|Any CPU
		Release|ARM = Release|ARM
		Release|iPhone = Release|iPhone
		Release|iPhoneSimulator = Release|iPhoneSimulator
		Release|x64 = Release|x64
		Release|x86 = Release|x86
	EndGlobalSection
	GlobalSection(ProjectConfigurationPlatforms) = postSolution
		{F4BF335C-0252-4E55-84CF-D5EF3952C7D1}.Debug|Any CPU.ActiveCfg = Debug|x64
		{F4BF335C-0252-4E55-84CF-D5EF3952C7D1}.Debug|Any CPU.Build.0 = Debug|x64
		{F4BF335C-0252-4E55-84CF-D5EF3952C7D1}.Debug|Any CPU.Deploy.0 = Debug|x64
		{F4BF335C-0252-4E55-84CF-D5EF3952C7D1}.Debug|ARM.ActiveCfg = Debug|ARM
		{F4BF335C-0252-4E55-84CF-D5EF3952C7D1}.Debug|ARM.Build.0 = Debug|ARM
		{F4BF335C-0252-4E55-84CF-D5EF3952C7D1}.Debug|ARM.Deploy.0 = Debug|ARM
		{F4BF335C-0252-4E55-84CF-D5EF3952C7D1}.Debug|iPhone.ActiveCfg = Debug|x64
		{F4BF335C-0252-4E55-84CF-D5EF3952C7D1}.Debug|iPhone.Build.0 = Debug|x64
		{F4BF335C-0252-4E55-84CF-D5EF3952C7D1}.Debug|iPhone.Deploy.0 = Debug|x64
		{F4BF335C-0252-4E55-84CF-D5EF3952C7D1}.Debug|iPhoneSimulator.ActiveCfg = Debug|x64
		{F4BF335C-0252-4E55-84CF-D5EF3952C7D1}.Debug|iPhoneSimulator.Build.0 = Debug|x64
		{F4BF335C-0252-4E55-84CF-D5EF3952C7D1}.Debug|iPhoneSimulator.Deploy.0 = Debug|x64
		{F4BF335C-0252-4E55-84CF-D5EF3952C7D1}.Debug|x64.ActiveCfg = Debug|x64
		{F4BF335C-0252-4E55-84CF-D5EF3952C7D1}.Debug|x64.Build.0 = Debug|x64
		{F4BF335C-0252-4E55-84CF-D5EF3952C7D1}.Debug|x64.Deploy.0 = Debug|x64
		{F4BF335C-0252-4E55-84CF-D5EF3952C7D1}.Debug|x86.ActiveCfg = Debug|x86
		{F4BF335C-0252-4E55-84CF-D5EF3952C7D1}.Debug|x86.Build.0 = Debug|x86
		{F4BF335C-0252-4E55-84CF-D5EF3952C7D1}.Debug|x86.Deploy.0 = Debug|x86
		{F4BF335C-0252-4E55-84CF-D5EF3952C7D1}.Release|Any CPU.ActiveCfg = Release|x64
		{F4BF335C-0252-4E55-84CF-D5EF3952C7D1}.Release|Any CPU.Build.0 = Release|x64
		{F4BF335C-0252-4E55-84CF-D5EF3952C7D1}.Release|Any CPU.Deploy.0 = Release|x64
		{F4BF335C-0252-4E55-84CF-D5EF3952C7D1}.Release|ARM.ActiveCfg = Release|ARM
		{F4BF335C-0252-4E55-84CF-D5EF3952C7D1}.Release|ARM.Build.0 = Release|ARM
		{F4BF335C-0252-4E55-84CF-D5EF3952C7D1}.Release|ARM.Deploy.0 = Release|ARM
		{F4BF335C-0252-4E55-84CF-D5EF3952C7D1}.Release|iPhone.ActiveCfg = Release|x64
		{F4BF335C-0252-4E55-84CF-D5EF3952C7D1}.Release|iPhone.Build.0 = Release|x64
		{F4BF335C-0252-4E55-84CF-D5EF3952C7D1}.Release|iPhone.Deploy.0 = Release|x64
		{F4BF335C-0252-4E55-84CF-D5EF3952C7D1}.Release|iPhoneSimulator.ActiveCfg = Release|x64
		{F4BF335C-0252-4E55-84CF-D5EF3952C7D1}.Release|iPhoneSimulator.Build.0 = Release|x64
		{F4BF335C-0252-4E55-84CF-D5EF3952C7D1}.Release|iPhoneSimulator.Deploy.0 = Release|x64
		{F4BF335C-0252-4E55-84CF-D5EF3952C7D1}.Release|x64.ActiveCfg = Release|x64
		{F4BF335C-0252-4E55-84CF-D5EF3952C7D1}.Release|x64.Build.0 = Release|x64
		{F4BF335C-0252-4E55-84CF-D5EF3952C7D1}.Release|x64.Deploy.0 = Release|x64
		{F4BF335C-0252-4E55-84CF-D5EF3952C7D1}.Release|x86.ActiveCfg = Release|x86
		{F4BF335C-0252-4E55-84CF-D5EF3952C7D1}.Release|x86.Build.0 = Release|x86
		{F4BF335C-0252-4E55-84CF-D5EF3952C7D1}.Release|x86.Deploy.0 = Release|x86
		{030913FC-5C45-461A-8288-0BE9C1B2E698}.Debug|Any CPU.ActiveCfg = Debug|Any CPU
		{030913FC-5C45-461A-8288-0BE9C1B2E698}.Debug|Any CPU.Build.0 = Debug|Any CPU
		{030913FC-5C45-461A-8288-0BE9C1B2E698}.Debug|Any CPU.Deploy.0 = Debug|Any CPU
		{030913FC-5C45-461A-8288-0BE9C1B2E698}.Debug|ARM.ActiveCfg = Debug|Any CPU
		{030913FC-5C45-461A-8288-0BE9C1B2E698}.Debug|ARM.Build.0 = Debug|Any CPU
		{030913FC-5C45-461A-8288-0BE9C1B2E698}.Debug|ARM.Deploy.0 = Debug|Any CPU
		{030913FC-5C45-461A-8288-0BE9C1B2E698}.Debug|iPhone.ActiveCfg = Debug|Any CPU
		{030913FC-5C45-461A-8288-0BE9C1B2E698}.Debug|iPhone.Build.0 = Debug|Any CPU
		{030913FC-5C45-461A-8288-0BE9C1B2E698}.Debug|iPhone.Deploy.0 = Debug|Any CPU
		{030913FC-5C45-461A-8288-0BE9C1B2E698}.Debug|iPhoneSimulator.ActiveCfg = Debug|Any CPU
		{030913FC-5C45-461A-8288-0BE9C1B2E698}.Debug|iPhoneSimulator.Build.0 = Debug|Any CPU
		{030913FC-5C45-461A-8288-0BE9C1B2E698}.Debug|iPhoneSimulator.Deploy.0 = Debug|Any CPU
		{030913FC-5C45-461A-8288-0BE9C1B2E698}.Debug|x64.ActiveCfg = Debug|Any CPU
		{030913FC-5C45-461A-8288-0BE9C1B2E698}.Debug|x64.Build.0 = Debug|Any CPU
		{030913FC-5C45-461A-8288-0BE9C1B2E698}.Debug|x64.Deploy.0 = Debug|Any CPU
		{030913FC-5C45-461A-8288-0BE9C1B2E698}.Debug|x86.ActiveCfg = Debug|Any CPU
		{030913FC-5C45-461A-8288-0BE9C1B2E698}.Debug|x86.Build.0 = Debug|Any CPU
		{030913FC-5C45-461A-8288-0BE9C1B2E698}.Debug|x86.Deploy.0 = Debug|Any CPU
		{030913FC-5C45-461A-8288-0BE9C1B2E698}.Release|Any CPU.ActiveCfg = Release|Any CPU
		{030913FC-5C45-461A-8288-0BE9C1B2E698}.Release|Any CPU.Build.0 = Release|Any CPU
		{030913FC-5C45-461A-8288-0BE9C1B2E698}.Release|Any CPU.Deploy.0 = Release|Any CPU
		{030913FC-5C45-461A-8288-0BE9C1B2E698}.Release|ARM.ActiveCfg = Release|Any CPU
		{030913FC-5C45-461A-8288-0BE9C1B2E698}.Release|ARM.Build.0 = Release|Any CPU
		{030913FC-5C45-461A-8288-0BE9C1B2E698}.Release|ARM.Deploy.0 = Release|Any CPU
		{030913FC-5C45-461A-8288-0BE9C1B2E698}.Release|iPhone.ActiveCfg = Release|Any CPU
		{030913FC-5C45-461A-8288-0BE9C1B2E698}.Release|iPhone.Build.0 = Release|Any CPU
		{030913FC-5C45-461A-8288-0BE9C1B2E698}.Release|iPhone.Deploy.0 = Release|Any CPU
		{030913FC-5C45-461A-8288-0BE9C1B2E698}.Release|iPhoneSimulator.ActiveCfg = Release|Any CPU
		{030913FC-5C45-461A-8288-0BE9C1B2E698}.Release|iPhoneSimulator.Build.0 = Release|Any CPU
		{030913FC-5C45-461A-8288-0BE9C1B2E698}.Release|iPhoneSimulator.Deploy.0 = Release|Any CPU
		{030913FC-5C45-461A-8288-0BE9C1B2E698}.Release|x64.ActiveCfg = Release|Any CPU
		{030913FC-5C45-461A-8288-0BE9C1B2E698}.Release|x64.Build.0 = Release|Any CPU
		{030913FC-5C45-461A-8288-0BE9C1B2E698}.Release|x64.Deploy.0 = Release|Any CPU
		{030913FC-5C45-461A-8288-0BE9C1B2E698}.Release|x86.ActiveCfg = Release|Any CPU
		{030913FC-5C45-461A-8288-0BE9C1B2E698}.Release|x86.Build.0 = Release|Any CPU
		{030913FC-5C45-461A-8288-0BE9C1B2E698}.Release|x86.Deploy.0 = Release|Any CPU
		{374C9DC7-36CA-415F-9308-064E537C3DB3}.Debug|Any CPU.ActiveCfg = Debug|iPhoneSimulator
		{374C9DC7-36CA-415F-9308-064E537C3DB3}.Debug|Any CPU.Build.0 = Debug|iPhoneSimulator
		{374C9DC7-36CA-415F-9308-064E537C3DB3}.Debug|Any CPU.Deploy.0 = Debug|iPhoneSimulator
		{374C9DC7-36CA-415F-9308-064E537C3DB3}.Debug|ARM.ActiveCfg = Debug|iPhoneSimulator
		{374C9DC7-36CA-415F-9308-064E537C3DB3}.Debug|ARM.Build.0 = Debug|iPhoneSimulator
		{374C9DC7-36CA-415F-9308-064E537C3DB3}.Debug|ARM.Deploy.0 = Debug|iPhoneSimulator
		{374C9DC7-36CA-415F-9308-064E537C3DB3}.Debug|iPhone.ActiveCfg = Debug|iPhone
		{374C9DC7-36CA-415F-9308-064E537C3DB3}.Debug|iPhone.Build.0 = Debug|iPhone
		{374C9DC7-36CA-415F-9308-064E537C3DB3}.Debug|iPhone.Deploy.0 = Debug|iPhone
		{374C9DC7-36CA-415F-9308-064E537C3DB3}.Debug|iPhoneSimulator.ActiveCfg = Debug|iPhoneSimulator
		{374C9DC7-36CA-415F-9308-064E537C3DB3}.Debug|iPhoneSimulator.Build.0 = Debug|iPhoneSimulator
		{374C9DC7-36CA-415F-9308-064E537C3DB3}.Debug|iPhoneSimulator.Deploy.0 = Debug|iPhoneSimulator
		{374C9DC7-36CA-415F-9308-064E537C3DB3}.Debug|x64.ActiveCfg = Debug|iPhone
		{374C9DC7-36CA-415F-9308-064E537C3DB3}.Debug|x64.Build.0 = Debug|iPhone
		{374C9DC7-36CA-415F-9308-064E537C3DB3}.Debug|x64.Deploy.0 = Debug|iPhone
		{374C9DC7-36CA-415F-9308-064E537C3DB3}.Debug|x86.ActiveCfg = Debug|iPhoneSimulator
		{374C9DC7-36CA-415F-9308-064E537C3DB3}.Debug|x86.Build.0 = Debug|iPhoneSimulator
		{374C9DC7-36CA-415F-9308-064E537C3DB3}.Debug|x86.Deploy.0 = Debug|iPhoneSimulator
		{374C9DC7-36CA-415F-9308-064E537C3DB3}.Release|Any CPU.ActiveCfg = Release|iPhoneSimulator
		{374C9DC7-36CA-415F-9308-064E537C3DB3}.Release|Any CPU.Build.0 = Release|iPhoneSimulator
		{374C9DC7-36CA-415F-9308-064E537C3DB3}.Release|Any CPU.Deploy.0 = Release|iPhoneSimulator
		{374C9DC7-36CA-415F-9308-064E537C3DB3}.Release|ARM.ActiveCfg = Release|iPhoneSimulator
		{374C9DC7-36CA-415F-9308-064E537C3DB3}.Release|ARM.Build.0 = Release|iPhoneSimulator
		{374C9DC7-36CA-415F-9308-064E537C3DB3}.Release|ARM.Deploy.0 = Release|iPhoneSimulator
		{374C9DC7-36CA-415F-9308-064E537C3DB3}.Release|iPhone.ActiveCfg = Release|iPhone
		{374C9DC7-36CA-415F-9308-064E537C3DB3}.Release|iPhone.Build.0 = Release|iPhone
		{374C9DC7-36CA-415F-9308-064E537C3DB3}.Release|iPhone.Deploy.0 = Release|iPhone
		{374C9DC7-36CA-415F-9308-064E537C3DB3}.Release|iPhoneSimulator.ActiveCfg = Release|iPhoneSimulator
		{374C9DC7-36CA-415F-9308-064E537C3DB3}.Release|iPhoneSimulator.Build.0 = Release|iPhoneSimulator
		{374C9DC7-36CA-415F-9308-064E537C3DB3}.Release|iPhoneSimulator.Deploy.0 = Release|iPhoneSimulator
		{374C9DC7-36CA-415F-9308-064E537C3DB3}.Release|x64.ActiveCfg = Release|iPhoneSimulator
		{374C9DC7-36CA-415F-9308-064E537C3DB3}.Release|x64.Build.0 = Release|iPhoneSimulator
		{374C9DC7-36CA-415F-9308-064E537C3DB3}.Release|x64.Deploy.0 = Release|iPhoneSimulator
		{374C9DC7-36CA-415F-9308-064E537C3DB3}.Release|x86.ActiveCfg = Release|iPhoneSimulator
		{374C9DC7-36CA-415F-9308-064E537C3DB3}.Release|x86.Build.0 = Release|iPhoneSimulator
		{374C9DC7-36CA-415F-9308-064E537C3DB3}.Release|x86.Deploy.0 = Release|iPhoneSimulator
		{F5FA1734-0981-40DF-8D4F-3E86D3A25EA9}.Debug|Any CPU.ActiveCfg = Debug|Any CPU
		{F5FA1734-0981-40DF-8D4F-3E86D3A25EA9}.Debug|Any CPU.Build.0 = Debug|Any CPU
		{F5FA1734-0981-40DF-8D4F-3E86D3A25EA9}.Debug|Any CPU.Deploy.0 = Debug|Any CPU
		{F5FA1734-0981-40DF-8D4F-3E86D3A25EA9}.Debug|ARM.ActiveCfg = Debug|Any CPU
		{F5FA1734-0981-40DF-8D4F-3E86D3A25EA9}.Debug|ARM.Build.0 = Debug|Any CPU
		{F5FA1734-0981-40DF-8D4F-3E86D3A25EA9}.Debug|ARM.Deploy.0 = Debug|Any CPU
		{F5FA1734-0981-40DF-8D4F-3E86D3A25EA9}.Debug|iPhone.ActiveCfg = Debug|Any CPU
		{F5FA1734-0981-40DF-8D4F-3E86D3A25EA9}.Debug|iPhone.Build.0 = Debug|Any CPU
		{F5FA1734-0981-40DF-8D4F-3E86D3A25EA9}.Debug|iPhone.Deploy.0 = Debug|Any CPU
		{F5FA1734-0981-40DF-8D4F-3E86D3A25EA9}.Debug|iPhoneSimulator.ActiveCfg = Debug|Any CPU
		{F5FA1734-0981-40DF-8D4F-3E86D3A25EA9}.Debug|iPhoneSimulator.Build.0 = Debug|Any CPU
		{F5FA1734-0981-40DF-8D4F-3E86D3A25EA9}.Debug|iPhoneSimulator.Deploy.0 = Debug|Any CPU
		{F5FA1734-0981-40DF-8D4F-3E86D3A25EA9}.Debug|x64.ActiveCfg = Debug|Any CPU
		{F5FA1734-0981-40DF-8D4F-3E86D3A25EA9}.Debug|x64.Build.0 = Debug|Any CPU
		{F5FA1734-0981-40DF-8D4F-3E86D3A25EA9}.Debug|x64.Deploy.0 = Debug|Any CPU
		{F5FA1734-0981-40DF-8D4F-3E86D3A25EA9}.Debug|x86.ActiveCfg = Debug|Any CPU
		{F5FA1734-0981-40DF-8D4F-3E86D3A25EA9}.Debug|x86.Build.0 = Debug|Any CPU
		{F5FA1734-0981-40DF-8D4F-3E86D3A25EA9}.Debug|x86.Deploy.0 = Debug|Any CPU
		{F5FA1734-0981-40DF-8D4F-3E86D3A25EA9}.Release|Any CPU.ActiveCfg = Release|Any CPU
		{F5FA1734-0981-40DF-8D4F-3E86D3A25EA9}.Release|Any CPU.Build.0 = Release|Any CPU
		{F5FA1734-0981-40DF-8D4F-3E86D3A25EA9}.Release|Any CPU.Deploy.0 = Release|Any CPU
		{F5FA1734-0981-40DF-8D4F-3E86D3A25EA9}.Release|ARM.ActiveCfg = Release|Any CPU
		{F5FA1734-0981-40DF-8D4F-3E86D3A25EA9}.Release|ARM.Build.0 = Release|Any CPU
		{F5FA1734-0981-40DF-8D4F-3E86D3A25EA9}.Release|ARM.Deploy.0 = Release|Any CPU
		{F5FA1734-0981-40DF-8D4F-3E86D3A25EA9}.Release|iPhone.ActiveCfg = Release|Any CPU
		{F5FA1734-0981-40DF-8D4F-3E86D3A25EA9}.Release|iPhone.Build.0 = Release|Any CPU
		{F5FA1734-0981-40DF-8D4F-3E86D3A25EA9}.Release|iPhone.Deploy.0 = Release|Any CPU
		{F5FA1734-0981-40DF-8D4F-3E86D3A25EA9}.Release|iPhoneSimulator.ActiveCfg = Release|Any CPU
		{F5FA1734-0981-40DF-8D4F-3E86D3A25EA9}.Release|iPhoneSimulator.Build.0 = Release|Any CPU
		{F5FA1734-0981-40DF-8D4F-3E86D3A25EA9}.Release|iPhoneSimulator.Deploy.0 = Release|Any CPU
		{F5FA1734-0981-40DF-8D4F-3E86D3A25EA9}.Release|x64.ActiveCfg = Release|Any CPU
		{F5FA1734-0981-40DF-8D4F-3E86D3A25EA9}.Release|x64.Build.0 = Release|Any CPU
		{F5FA1734-0981-40DF-8D4F-3E86D3A25EA9}.Release|x64.Deploy.0 = Release|Any CPU
		{F5FA1734-0981-40DF-8D4F-3E86D3A25EA9}.Release|x86.ActiveCfg = Release|Any CPU
		{F5FA1734-0981-40DF-8D4F-3E86D3A25EA9}.Release|x86.Build.0 = Release|Any CPU
		{F5FA1734-0981-40DF-8D4F-3E86D3A25EA9}.Release|x86.Deploy.0 = Release|Any CPU
	EndGlobalSection
	GlobalSection(SolutionProperties) = preSolution
		HideSolutionNode = FALSE
	EndGlobalSection
	GlobalSection(ExtensibilityGlobals) = postSolution
		SolutionGuid = {BD3AEE32-7DBA-4729-8D30-6C81B8D1DBFF}
	EndGlobalSection
EndGlobal
